
Microsoft Visual Studio Solution File, Format Version 12.00
# Visual Studio Version 17
VisualStudioVersion = 17.4.33110.190
MinimumVisualStudioVersion = 10.0.40219.1
Project("{FAE04EC0-301F-11D3-BF4B-00C04F79EFBC}") = "LeetCode.Submissions", "LeetCode.Submissions\LeetCode.Submissions.csproj", "{BDF4D23E-4BE2-44A5-97F4-215854B7C46C}"
EndProject
Project("{FAE04EC0-301F-11D3-BF4B-00C04F79EFBC}") = "LeetCode.Submissions.Tests", "LeetCode.Submissions.Tests\LeetCode.Submissions.Tests.csproj", "{F234C8B5-78F6-4BC0-95D2-79B379B06999}"
EndProject
Global
	GlobalSection(SolutionConfigurationPlatforms) = preSolution
		Debug|Any CPU = Debug|Any CPU
		Release|Any CPU = Release|Any CPU
	EndGlobalSection
	GlobalSection(ProjectConfigurationPlatforms) = postSolution
		{BDF4D23E-4BE2-44A5-97F4-215854B7C46C}.Debug|Any CPU.ActiveCfg = Debug|Any CPU
		{BDF4D23E-4BE2-44A5-97F4-215854B7C46C}.Debug|Any CPU.Build.0 = Debug|Any CPU
		{BDF4D23E-4BE2-44A5-97F4-215854B7C46C}.Release|Any CPU.ActiveCfg = Release|Any CPU
		{BDF4D23E-4BE2-44A5-97F4-215854B7C46C}.Release|Any CPU.Build.0 = Release|Any CPU
		{F234C8B5-78F6-4BC0-95D2-79B379B06999}.Debug|Any CPU.ActiveCfg = Debug|Any CPU
		{F234C8B5-78F6-4BC0-95D2-79B379B06999}.Debug|Any CPU.Build.0 = Debug|Any CPU
		{F234C8B5-78F6-4BC0-95D2-79B379B06999}.Release|Any CPU.ActiveCfg = Release|Any CPU
		{F234C8B5-78F6-4BC0-95D2-79B379B06999}.Release|Any CPU.Build.0 = Release|Any CPU
	EndGlobalSection
	GlobalSection(SolutionProperties) = preSolution
		HideSolutionNode = FALSE
	EndGlobalSection
	GlobalSection(ExtensibilityGlobals) = postSolution
		SolutionGuid = {4F5ED5A6-95D5-49F0-A778-7A4680384407}
	EndGlobalSection
EndGlobal
